
Microsoft Visual Studio Solution File, Format Version 12.00
# Visual Studio Version 17
VisualStudioVersion = 17.12.35707.178
MinimumVisualStudioVersion = 10.0.40219.1
Project("{FAE04EC0-301F-11D3-BF4B-00C04F79EFBC}") = "PicAFlick.Domain.Entities", "PicAFlick.Domain.Entities\PicAFlick.Domain.Entities.csproj", "{DA7E6952-5C1C-43A6-BBA6-EC4F6D72BAD5}"
EndProject
Project("{FAE04EC0-301F-11D3-BF4B-00C04F79EFBC}") = "PicAFlick.Domain.Services", "PicAFlick.Domain.Services\PicAFlick.Domain.Services.csproj", "{9AB456EB-3F43-4110-A869-DA292B775D15}"
EndProject
Project("{FAE04EC0-301F-11D3-BF4B-00C04F79EFBC}") = "PicAFlick.Data", "PicAFlick.Data\PicAFlick.Data.csproj", "{2EBFEB1C-6C1A-4027-AAD7-2B485F67FECB}"
EndProject
Project("{FAE04EC0-301F-11D3-BF4B-00C04F79EFBC}") = "PicAFlick.UI", "PicAFlick.UI\PicAFlick.UI.csproj", "{A1797E74-CD05-4BCB-910B-9532BFB92990}"
EndProject
Project("{FAE04EC0-301F-11D3-BF4B-00C04F79EFBC}") = "PicAFlick.Domain.DTOs", "PicAFlick.Domain.DTOs\PicAFlick.Domain.DTOs.csproj", "{AC0041D0-2529-4ABA-98BB-84F298BBA5A5}"
EndProject
Project("{2150E333-8FDC-42A3-9474-1A3956D46DE8}") = "Solution Items", "Solution Items", "{41F13562-C6A7-44F9-8BFE-3C921E96226D}"
EndProject
Project("{FAE04EC0-301F-11D3-BF4B-00C04F79EFBC}") = "PicAFlick.Domain.Services.Tests", "PicAFlick.Domain.Services.Tests\PicAFlick.Domain.Services.Tests.csproj", "{CADACC48-98C0-4CC7-8F06-62446714111A}"
EndProject
Project("{FAE04EC0-301F-11D3-BF4B-00C04F79EFBC}") = "PicAFlick.WebApi", "PicAFlick.WebApi\PicAFlick.WebApi.csproj", "{4A56E480-6B33-4748-839B-F456C3238693}"
EndProject
Global
	GlobalSection(SolutionConfigurationPlatforms) = preSolution
		Debug|Any CPU = Debug|Any CPU
		Release|Any CPU = Release|Any CPU
	EndGlobalSection
	GlobalSection(ProjectConfigurationPlatforms) = postSolution
		{DA7E6952-5C1C-43A6-BBA6-EC4F6D72BAD5}.Debug|Any CPU.ActiveCfg = Debug|Any CPU
		{DA7E6952-5C1C-43A6-BBA6-EC4F6D72BAD5}.Debug|Any CPU.Build.0 = Debug|Any CPU
		{DA7E6952-5C1C-43A6-BBA6-EC4F6D72BAD5}.Release|Any CPU.ActiveCfg = Release|Any CPU
		{DA7E6952-5C1C-43A6-BBA6-EC4F6D72BAD5}.Release|Any CPU.Build.0 = Release|Any CPU
		{9AB456EB-3F43-4110-A869-DA292B775D15}.Debug|Any CPU.ActiveCfg = Debug|Any CPU
		{9AB456EB-3F43-4110-A869-DA292B775D15}.Debug|Any CPU.Build.0 = Debug|Any CPU
		{9AB456EB-3F43-4110-A869-DA292B775D15}.Release|Any CPU.ActiveCfg = Release|Any CPU
		{9AB456EB-3F43-4110-A869-DA292B775D15}.Release|Any CPU.Build.0 = Release|Any CPU
		{2EBFEB1C-6C1A-4027-AAD7-2B485F67FECB}.Debug|Any CPU.ActiveCfg = Debug|Any CPU
		{2EBFEB1C-6C1A-4027-AAD7-2B485F67FECB}.Debug|Any CPU.Build.0 = Debug|Any CPU
		{2EBFEB1C-6C1A-4027-AAD7-2B485F67FECB}.Release|Any CPU.ActiveCfg = Release|Any CPU
		{2EBFEB1C-6C1A-4027-AAD7-2B485F67FECB}.Release|Any CPU.Build.0 = Release|Any CPU
		{A1797E74-CD05-4BCB-910B-9532BFB92990}.Debug|Any CPU.ActiveCfg = Debug|Any CPU
		{A1797E74-CD05-4BCB-910B-9532BFB92990}.Debug|Any CPU.Build.0 = Debug|Any CPU
		{A1797E74-CD05-4BCB-910B-9532BFB92990}.Release|Any CPU.ActiveCfg = Release|Any CPU
		{A1797E74-CD05-4BCB-910B-9532BFB92990}.Release|Any CPU.Build.0 = Release|Any CPU
		{AC0041D0-2529-4ABA-98BB-84F298BBA5A5}.Debug|Any CPU.ActiveCfg = Debug|Any CPU
		{AC0041D0-2529-4ABA-98BB-84F298BBA5A5}.Debug|Any CPU.Build.0 = Debug|Any CPU
		{AC0041D0-2529-4ABA-98BB-84F298BBA5A5}.Release|Any CPU.ActiveCfg = Release|Any CPU
		{AC0041D0-2529-4ABA-98BB-84F298BBA5A5}.Release|Any CPU.Build.0 = Release|Any CPU
		{CADACC48-98C0-4CC7-8F06-62446714111A}.Debug|Any CPU.ActiveCfg = Debug|Any CPU
		{CADACC48-98C0-4CC7-8F06-62446714111A}.Debug|Any CPU.Build.0 = Debug|Any CPU
		{CADACC48-98C0-4CC7-8F06-62446714111A}.Release|Any CPU.ActiveCfg = Release|Any CPU
		{CADACC48-98C0-4CC7-8F06-62446714111A}.Release|Any CPU.Build.0 = Release|Any CPU
		{4A56E480-6B33-4748-839B-F456C3238693}.Debug|Any CPU.ActiveCfg = Debug|Any CPU
		{4A56E480-6B33-4748-839B-F456C3238693}.Debug|Any CPU.Build.0 = Debug|Any CPU
		{4A56E480-6B33-4748-839B-F456C3238693}.Release|Any CPU.ActiveCfg = Release|Any CPU
		{4A56E480-6B33-4748-839B-F456C3238693}.Release|Any CPU.Build.0 = Release|Any CPU
	EndGlobalSection
	GlobalSection(SolutionProperties) = preSolution
		HideSolutionNode = FALSE
	EndGlobalSection
EndGlobal
