
Microsoft Visual Studio Solution File, Format Version 12.00
# Visual Studio Version 17
VisualStudioVersion = 17.12.35707.178
MinimumVisualStudioVersion = 10.0.40219.1
Project("{FAE04EC0-301F-11D3-BF4B-00C04F79EFBC}") = "PicAFlick.Data", "PicAFlick.Data\PicAFlick.Data.csproj", "{2EBFEB1C-6C1A-4027-AAD7-2B485F67FECB}"
EndProject
Project("{2150E333-8FDC-42A3-9474-1A3956D46DE8}") = "Solution Items", "Solution Items", "{41F13562-C6A7-44F9-8BFE-3C921E96226D}"
EndProject
Project("{FAE04EC0-301F-11D3-BF4B-00C04F79EFBC}") = "PicAFlick.WebApi", "PicAFlick.WebApi\PicAFlick.WebApi.csproj", "{4A56E480-6B33-4748-839B-F456C3238693}"
EndProject
Project("{FAE04EC0-301F-11D3-BF4B-00C04F79EFBC}") = "PicAFlick.Infrastructure.Tmdb", "PicAFlick.Domain.Core\PicAFlick.Infrastructure.Tmdb.csproj", "{BA531F87-2E4D-4178-8528-89B6739639C7}"
EndProject
Project("{FAE04EC0-301F-11D3-BF4B-00C04F79EFBC}") = "PicAFlick.Domain", "PicAFlick.Domain\PicAFlick.Domain.csproj", "{5E758460-AF0C-4E5A-B63E-FFE9E5297B1B}"
EndProject
Project("{FAE04EC0-301F-11D3-BF4B-00C04F79EFBC}") = "PicAFlick.Services", "PicAFlick.Services\PicAFlick.Services.csproj", "{54475196-63F0-41F4-9D21-5C6E7B698956}"
EndProject
Project("{FAE04EC0-301F-11D3-BF4B-00C04F79EFBC}") = "PicAFlick.Infrastructure.Tmdb.Tests", "PicAFlick.Infrastructure.Tmdb.Tests\PicAFlick.Infrastructure.Tmdb.Tests.csproj", "{D12A3CD0-AB29-4DB2-9197-DA3D7FC339E7}"
EndProject
Global
	GlobalSection(SolutionConfigurationPlatforms) = preSolution
		Debug|Any CPU = Debug|Any CPU
		Debug|x64 = Debug|x64
		Debug|x86 = Debug|x86
		Release|Any CPU = Release|Any CPU
		Release|x64 = Release|x64
		Release|x86 = Release|x86
	EndGlobalSection
	GlobalSection(ProjectConfigurationPlatforms) = postSolution
		{2EBFEB1C-6C1A-4027-AAD7-2B485F67FECB}.Debug|Any CPU.ActiveCfg = Debug|Any CPU
		{2EBFEB1C-6C1A-4027-AAD7-2B485F67FECB}.Debug|Any CPU.Build.0 = Debug|Any CPU
		{2EBFEB1C-6C1A-4027-AAD7-2B485F67FECB}.Debug|x64.ActiveCfg = Debug|Any CPU
		{2EBFEB1C-6C1A-4027-AAD7-2B485F67FECB}.Debug|x64.Build.0 = Debug|Any CPU
		{2EBFEB1C-6C1A-4027-AAD7-2B485F67FECB}.Debug|x86.ActiveCfg = Debug|Any CPU
		{2EBFEB1C-6C1A-4027-AAD7-2B485F67FECB}.Debug|x86.Build.0 = Debug|Any CPU
		{2EBFEB1C-6C1A-4027-AAD7-2B485F67FECB}.Release|Any CPU.ActiveCfg = Release|Any CPU
		{2EBFEB1C-6C1A-4027-AAD7-2B485F67FECB}.Release|Any CPU.Build.0 = Release|Any CPU
		{2EBFEB1C-6C1A-4027-AAD7-2B485F67FECB}.Release|x64.ActiveCfg = Release|Any CPU
		{2EBFEB1C-6C1A-4027-AAD7-2B485F67FECB}.Release|x64.Build.0 = Release|Any CPU
		{2EBFEB1C-6C1A-4027-AAD7-2B485F67FECB}.Release|x86.ActiveCfg = Release|Any CPU
		{2EBFEB1C-6C1A-4027-AAD7-2B485F67FECB}.Release|x86.Build.0 = Release|Any CPU
		{4A56E480-6B33-4748-839B-F456C3238693}.Debug|Any CPU.ActiveCfg = Debug|Any CPU
		{4A56E480-6B33-4748-839B-F456C3238693}.Debug|Any CPU.Build.0 = Debug|Any CPU
		{4A56E480-6B33-4748-839B-F456C3238693}.Debug|x64.ActiveCfg = Debug|Any CPU
		{4A56E480-6B33-4748-839B-F456C3238693}.Debug|x64.Build.0 = Debug|Any CPU
		{4A56E480-6B33-4748-839B-F456C3238693}.Debug|x86.ActiveCfg = Debug|Any CPU
		{4A56E480-6B33-4748-839B-F456C3238693}.Debug|x86.Build.0 = Debug|Any CPU
		{4A56E480-6B33-4748-839B-F456C3238693}.Release|Any CPU.ActiveCfg = Release|Any CPU
		{4A56E480-6B33-4748-839B-F456C3238693}.Release|Any CPU.Build.0 = Release|Any CPU
		{4A56E480-6B33-4748-839B-F456C3238693}.Release|x64.ActiveCfg = Release|Any CPU
		{4A56E480-6B33-4748-839B-F456C3238693}.Release|x64.Build.0 = Release|Any CPU
		{4A56E480-6B33-4748-839B-F456C3238693}.Release|x86.ActiveCfg = Release|Any CPU
		{4A56E480-6B33-4748-839B-F456C3238693}.Release|x86.Build.0 = Release|Any CPU
		{BA531F87-2E4D-4178-8528-89B6739639C7}.Debug|Any CPU.ActiveCfg = Debug|Any CPU
		{BA531F87-2E4D-4178-8528-89B6739639C7}.Debug|Any CPU.Build.0 = Debug|Any CPU
		{BA531F87-2E4D-4178-8528-89B6739639C7}.Debug|x64.ActiveCfg = Debug|Any CPU
		{BA531F87-2E4D-4178-8528-89B6739639C7}.Debug|x64.Build.0 = Debug|Any CPU
		{BA531F87-2E4D-4178-8528-89B6739639C7}.Debug|x86.ActiveCfg = Debug|Any CPU
		{BA531F87-2E4D-4178-8528-89B6739639C7}.Debug|x86.Build.0 = Debug|Any CPU
		{BA531F87-2E4D-4178-8528-89B6739639C7}.Release|Any CPU.ActiveCfg = Release|Any CPU
		{BA531F87-2E4D-4178-8528-89B6739639C7}.Release|Any CPU.Build.0 = Release|Any CPU
		{BA531F87-2E4D-4178-8528-89B6739639C7}.Release|x64.ActiveCfg = Release|Any CPU
		{BA531F87-2E4D-4178-8528-89B6739639C7}.Release|x64.Build.0 = Release|Any CPU
		{BA531F87-2E4D-4178-8528-89B6739639C7}.Release|x86.ActiveCfg = Release|Any CPU
		{BA531F87-2E4D-4178-8528-89B6739639C7}.Release|x86.Build.0 = Release|Any CPU
		{5E758460-AF0C-4E5A-B63E-FFE9E5297B1B}.Debug|Any CPU.ActiveCfg = Debug|Any CPU
		{5E758460-AF0C-4E5A-B63E-FFE9E5297B1B}.Debug|Any CPU.Build.0 = Debug|Any CPU
		{5E758460-AF0C-4E5A-B63E-FFE9E5297B1B}.Debug|x64.ActiveCfg = Debug|Any CPU
		{5E758460-AF0C-4E5A-B63E-FFE9E5297B1B}.Debug|x64.Build.0 = Debug|Any CPU
		{5E758460-AF0C-4E5A-B63E-FFE9E5297B1B}.Debug|x86.ActiveCfg = Debug|Any CPU
		{5E758460-AF0C-4E5A-B63E-FFE9E5297B1B}.Debug|x86.Build.0 = Debug|Any CPU
		{5E758460-AF0C-4E5A-B63E-FFE9E5297B1B}.Release|Any CPU.ActiveCfg = Release|Any CPU
		{5E758460-AF0C-4E5A-B63E-FFE9E5297B1B}.Release|Any CPU.Build.0 = Release|Any CPU
		{5E758460-AF0C-4E5A-B63E-FFE9E5297B1B}.Release|x64.ActiveCfg = Release|Any CPU
		{5E758460-AF0C-4E5A-B63E-FFE9E5297B1B}.Release|x64.Build.0 = Release|Any CPU
		{5E758460-AF0C-4E5A-B63E-FFE9E5297B1B}.Release|x86.ActiveCfg = Release|Any CPU
		{5E758460-AF0C-4E5A-B63E-FFE9E5297B1B}.Release|x86.Build.0 = Release|Any CPU
		{54475196-63F0-41F4-9D21-5C6E7B698956}.Debug|Any CPU.ActiveCfg = Debug|Any CPU
		{54475196-63F0-41F4-9D21-5C6E7B698956}.Debug|Any CPU.Build.0 = Debug|Any CPU
		{54475196-63F0-41F4-9D21-5C6E7B698956}.Debug|x64.ActiveCfg = Debug|Any CPU
		{54475196-63F0-41F4-9D21-5C6E7B698956}.Debug|x64.Build.0 = Debug|Any CPU
		{54475196-63F0-41F4-9D21-5C6E7B698956}.Debug|x86.ActiveCfg = Debug|Any CPU
		{54475196-63F0-41F4-9D21-5C6E7B698956}.Debug|x86.Build.0 = Debug|Any CPU
		{54475196-63F0-41F4-9D21-5C6E7B698956}.Release|Any CPU.ActiveCfg = Release|Any CPU
		{54475196-63F0-41F4-9D21-5C6E7B698956}.Release|Any CPU.Build.0 = Release|Any CPU
		{54475196-63F0-41F4-9D21-5C6E7B698956}.Release|x64.ActiveCfg = Release|Any CPU
		{54475196-63F0-41F4-9D21-5C6E7B698956}.Release|x64.Build.0 = Release|Any CPU
		{54475196-63F0-41F4-9D21-5C6E7B698956}.Release|x86.ActiveCfg = Release|Any CPU
		{54475196-63F0-41F4-9D21-5C6E7B698956}.Release|x86.Build.0 = Release|Any CPU
		{D12A3CD0-AB29-4DB2-9197-DA3D7FC339E7}.Debug|Any CPU.ActiveCfg = Debug|Any CPU
		{D12A3CD0-AB29-4DB2-9197-DA3D7FC339E7}.Debug|Any CPU.Build.0 = Debug|Any CPU
		{D12A3CD0-AB29-4DB2-9197-DA3D7FC339E7}.Debug|x64.ActiveCfg = Debug|Any CPU
		{D12A3CD0-AB29-4DB2-9197-DA3D7FC339E7}.Debug|x64.Build.0 = Debug|Any CPU
		{D12A3CD0-AB29-4DB2-9197-DA3D7FC339E7}.Debug|x86.ActiveCfg = Debug|Any CPU
		{D12A3CD0-AB29-4DB2-9197-DA3D7FC339E7}.Debug|x86.Build.0 = Debug|Any CPU
		{D12A3CD0-AB29-4DB2-9197-DA3D7FC339E7}.Release|Any CPU.ActiveCfg = Release|Any CPU
		{D12A3CD0-AB29-4DB2-9197-DA3D7FC339E7}.Release|Any CPU.Build.0 = Release|Any CPU
		{D12A3CD0-AB29-4DB2-9197-DA3D7FC339E7}.Release|x64.ActiveCfg = Release|Any CPU
		{D12A3CD0-AB29-4DB2-9197-DA3D7FC339E7}.Release|x64.Build.0 = Release|Any CPU
		{D12A3CD0-AB29-4DB2-9197-DA3D7FC339E7}.Release|x86.ActiveCfg = Release|Any CPU
		{D12A3CD0-AB29-4DB2-9197-DA3D7FC339E7}.Release|x86.Build.0 = Release|Any CPU
	EndGlobalSection
	GlobalSection(SolutionProperties) = preSolution
		HideSolutionNode = FALSE
	EndGlobalSection
	GlobalSection(ExtensibilityGlobals) = postSolution
		SolutionGuid = {4BD3999E-E2D7-4CB4-9307-6B29038E8272}
	EndGlobalSection
EndGlobal
